
Microsoft Visual Studio Solution File, Format Version 12.00
# Visual Studio 15
VisualStudioVersion = 15.0.27703.2035
MinimumVisualStudioVersion = 10.0.40219.1
Project("{FAE04EC0-301F-11D3-BF4B-00C04F79EFBC}") = "C-Sharp-Final-Project", "C-Sharp-Final-Project\C-Sharp-Final-Project.csproj", "{73EFFC29-2D64-4829-A5F2-0A9EDB642EB1}"
EndProject
Global
	GlobalSection(SolutionConfigurationPlatforms) = preSolution
		Debug|Any CPU = Debug|Any CPU
		Release|Any CPU = Release|Any CPU
	EndGlobalSection
	GlobalSection(ProjectConfigurationPlatforms) = postSolution
		{73EFFC29-2D64-4829-A5F2-0A9EDB642EB1}.Debug|Any CPU.ActiveCfg = Debug|Any CPU
		{73EFFC29-2D64-4829-A5F2-0A9EDB642EB1}.Debug|Any CPU.Build.0 = Debug|Any CPU
		{73EFFC29-2D64-4829-A5F2-0A9EDB642EB1}.Release|Any CPU.ActiveCfg = Release|Any CPU
		{73EFFC29-2D64-4829-A5F2-0A9EDB642EB1}.Release|Any CPU.Build.0 = Release|Any CPU
	EndGlobalSection
	GlobalSection(SolutionProperties) = preSolution
		HideSolutionNode = FALSE
	EndGlobalSection
	GlobalSection(ExtensibilityGlobals) = postSolution
		SolutionGuid = {F1444536-E3F8-4E55-92C6-BFACC41CABA1}
	EndGlobalSection
EndGlobal
